
Microsoft Visual Studio Solution File, Format Version 12.00
# Visual Studio Version 16
VisualStudioVersion = 16.0.32930.78
MinimumVisualStudioVersion = 10.0.40219.1
Project("{FAE04EC0-301F-11D3-BF4B-00C04F79EFBC}") = "tobii", "tobii\tobii.csproj", "{DCE54974-9F29-464D-BD36-57701D3D255D}"
EndProject
Global
	GlobalSection(SolutionConfigurationPlatforms) = preSolution
		Debug|Any CPU = Debug|Any CPU
		Release|Any CPU = Release|Any CPU
	EndGlobalSection
	GlobalSection(ProjectConfigurationPlatforms) = postSolution
		{DCE54974-9F29-464D-BD36-57701D3D255D}.Debug|Any CPU.ActiveCfg = Debug|Any CPU
		{DCE54974-9F29-464D-BD36-57701D3D255D}.Debug|Any CPU.Build.0 = Debug|Any CPU
		{DCE54974-9F29-464D-BD36-57701D3D255D}.Release|Any CPU.ActiveCfg = Release|Any CPU
		{DCE54974-9F29-464D-BD36-57701D3D255D}.Release|Any CPU.Build.0 = Release|Any CPU
	EndGlobalSection
	GlobalSection(SolutionProperties) = preSolution
		HideSolutionNode = FALSE
	EndGlobalSection
	GlobalSection(ExtensibilityGlobals) = postSolution
		SolutionGuid = {C5C3CEBD-5FDC-410E-964A-835655DB26D5}
	EndGlobalSection
EndGlobal
